{
  "name": "ajs-step-7",
  "version": "1.0.0",
  "lockfileVersion": 2,
  "requires": true,
  "packages": {
    "": {
      "name": "ajs-step-7",
      "version": "1.0.0",
      "license": "ISC",
      "dependencies": {
        "@dbelinsky/ajs": "^1.0.0"
      }
    },
    "node_modules/@dbelinsky/ajs": {
      "version": "1.0.0",
      "resolved": "https://npm.pkg.github.com/download/@dbelinsky/ajs/1.0.0/aee4ec2f7014650adaaddf460e69eb3d453e11ab",
      "integrity": "sha512-gSpsNCgjRW93rX15VBJANExRaDZ9T0h6kvurBERJllElsII5wFlcD0PZbO+VeJTbvqcv00mWY1xGXigfWjN0Mg==",
      "license": "ISC"
    }
  },
  "dependencies": {
    "@dbelinsky/ajs": {
      "version": "1.0.0",
      "resolved": "https://npm.pkg.github.com/download/@dbelinsky/ajs/1.0.0/aee4ec2f7014650adaaddf460e69eb3d453e11ab",
      "integrity": "sha512-gSpsNCgjRW93rX15VBJANExRaDZ9T0h6kvurBERJllElsII5wFlcD0PZbO+VeJTbvqcv00mWY1xGXigfWjN0Mg=="
    }
  }
}
